
Microsoft Visual Studio Solution File, Format Version 12.00
# Visual Studio Version 17
VisualStudioVersion = 17.12.35527.113 d17.12
MinimumVisualStudioVersion = 10.0.40219.1
Project("{FAE04EC0-301F-11D3-BF4B-00C04F79EFBC}") = "CollectionOfObjects", "CollectionOfObjects\CollectionOfObjects.csproj", "{C4AF9D35-2224-47C4-96C3-33C96262E859}"
EndProject
Project("{FAE04EC0-301F-11D3-BF4B-00C04F79EFBC}") = "ClassLibrary1", "ClassLibrary1\ClassLibrary1.csproj", "{83211E39-0F94-4FB6-B3F2-5EA3F1DE2856}"
EndProject
Global
	GlobalSection(SolutionConfigurationPlatforms) = preSolution
		Debug|Any CPU = Debug|Any CPU
		Release|Any CPU = Release|Any CPU
	EndGlobalSection
	GlobalSection(ProjectConfigurationPlatforms) = postSolution
		{C4AF9D35-2224-47C4-96C3-33C96262E859}.Debug|Any CPU.ActiveCfg = Debug|Any CPU
		{C4AF9D35-2224-47C4-96C3-33C96262E859}.Debug|Any CPU.Build.0 = Debug|Any CPU
		{C4AF9D35-2224-47C4-96C3-33C96262E859}.Release|Any CPU.ActiveCfg = Release|Any CPU
		{C4AF9D35-2224-47C4-96C3-33C96262E859}.Release|Any CPU.Build.0 = Release|Any CPU
		{83211E39-0F94-4FB6-B3F2-5EA3F1DE2856}.Debug|Any CPU.ActiveCfg = Debug|Any CPU
		{83211E39-0F94-4FB6-B3F2-5EA3F1DE2856}.Debug|Any CPU.Build.0 = Debug|Any CPU
		{83211E39-0F94-4FB6-B3F2-5EA3F1DE2856}.Release|Any CPU.ActiveCfg = Release|Any CPU
		{83211E39-0F94-4FB6-B3F2-5EA3F1DE2856}.Release|Any CPU.Build.0 = Release|Any CPU
	EndGlobalSection
	GlobalSection(SolutionProperties) = preSolution
		HideSolutionNode = FALSE
	EndGlobalSection
EndGlobal
